// !$*UTF8*$!
{
	archiveVersion = 1;
	classes = {
	};
	objectVersion = 56;
	objects = {

/* Begin PBXBuildFile section */
		19091AEE2C3489D5002B2EC6 /* OnBoardingScreen.swift in Sources */ = {isa = PBXBuildFile; fileRef = 19091AED2C3489D5002B2EC6 /* OnBoardingScreen.swift */; };
		19091AF42C348DFC002B2EC6 /* LamaSans-Bold.ttf in Resources */ = {isa = PBXBuildFile; fileRef = 19091AEF2C348DFA002B2EC6 /* LamaSans-Bold.ttf */; };
		19091AF52C348DFC002B2EC6 /* LamaSans-Regular.ttf in Resources */ = {isa = PBXBuildFile; fileRef = 19091AF02C348DFB002B2EC6 /* LamaSans-Regular.ttf */; };
		19091AF62C348DFC002B2EC6 /* LamaSans-SemiBold.ttf in Resources */ = {isa = PBXBuildFile; fileRef = 19091AF12C348DFB002B2EC6 /* LamaSans-SemiBold.ttf */; };
		19091AF72C348DFC002B2EC6 /* LamaSans-Medium.ttf in Resources */ = {isa = PBXBuildFile; fileRef = 19091AF22C348DFB002B2EC6 /* LamaSans-Medium.ttf */; };
		19091AF82C348DFC002B2EC6 /* LamaSans-Light.ttf in Resources */ = {isa = PBXBuildFile; fileRef = 19091AF32C348DFC002B2EC6 /* LamaSans-Light.ttf */; };
		194DA28D2C3DA47000AA3CB4 /* OtpScreen.swift in Sources */ = {isa = PBXBuildFile; fileRef = 194DA28C2C3DA47000AA3CB4 /* OtpScreen.swift */; };
		195FEDB22C4EEDAC00E9EDC7 /* TabViewWithCenterBtn.swift in Sources */ = {isa = PBXBuildFile; fileRef = 195FEDB12C4EEDAC00E9EDC7 /* TabViewWithCenterBtn.swift */; };
		195FEDBC2C4EF4F400E9EDC7 /* HomeView.swift in Sources */ = {isa = PBXBuildFile; fileRef = 195FEDBB2C4EF4F400E9EDC7 /* HomeView.swift */; };
		195FEDBE2C4EF50800E9EDC7 /* PicUpView.swift in Sources */ = {isa = PBXBuildFile; fileRef = 195FEDBD2C4EF50800E9EDC7 /* PicUpView.swift */; };
		195FEDC02C4EF51700E9EDC7 /* DiningView.swift in Sources */ = {isa = PBXBuildFile; fileRef = 195FEDBF2C4EF51700E9EDC7 /* DiningView.swift */; };
		195FEDC22C4EF52600E9EDC7 /* ProfileView.swift in Sources */ = {isa = PBXBuildFile; fileRef = 195FEDC12C4EF52500E9EDC7 /* ProfileView.swift */; };
		199FE2D92C3EE6FA0071BF8E /* ResetNewPasswordScreen.swift in Sources */ = {isa = PBXBuildFile; fileRef = 199FE2D82C3EE6FA0071BF8E /* ResetNewPasswordScreen.swift */; };
		199FE2DB2C3F15A70071BF8E /* ChangePasswordScreen.swift in Sources */ = {isa = PBXBuildFile; fileRef = 199FE2DA2C3F15A70071BF8E /* ChangePasswordScreen.swift */; };
		19E2E1672C3B3C6F006AF2E9 /* SignUpScreen.swift in Sources */ = {isa = PBXBuildFile; fileRef = 19E2E1662C3B3C6F006AF2E9 /* SignUpScreen.swift */; };
		19EF10452C35AE830010DF55 /* WellcomeLoginScreen.swift in Sources */ = {isa = PBXBuildFile; fileRef = 19EF10442C35AE830010DF55 /* WellcomeLoginScreen.swift */; };
		19EF624A2C39C0CC0021C589 /* SignInScreen.swift in Sources */ = {isa = PBXBuildFile; fileRef = 19EF62492C39C0CC0021C589 /* SignInScreen.swift */; };
		19F1AC9F2C3C689400499EF4 /* ForgetPasswordScreen.swift in Sources */ = {isa = PBXBuildFile; fileRef = 19F1AC9E2C3C689400499EF4 /* ForgetPasswordScreen.swift */; };
		19F60B1E2C45766600367453 /* SuccessScreen.swift in Sources */ = {isa = PBXBuildFile; fileRef = 19F60B1D2C45766600367453 /* SuccessScreen.swift */; };
		607C994D261D5597E259E23B /* Pods_Hayak.framework in Frameworks */ = {isa = PBXBuildFile; fileRef = EFA111EA2737130E40EB7435 /* Pods_Hayak.framework */; };
		C8986CD62C15B9FE0091789F /* HayakApp.swift in Sources */ = {isa = PBXBuildFile; fileRef = C8986CD52C15B9FE0091789F /* HayakApp.swift */; };
		C8986CD82C15B9FE0091789F /* ContentView.swift in Sources */ = {isa = PBXBuildFile; fileRef = C8986CD72C15B9FE0091789F /* ContentView.swift */; };
		C8986CDA2C15BA010091789F /* Assets.xcassets in Resources */ = {isa = PBXBuildFile; fileRef = C8986CD92C15BA010091789F /* Assets.xcassets */; };
		C8986CDD2C15BA010091789F /* Preview Assets.xcassets in Resources */ = {isa = PBXBuildFile; fileRef = C8986CDC2C15BA010091789F /* Preview Assets.xcassets */; };
		C8986CF02C15C27D0091789F /* BaseRequest.swift in Sources */ = {isa = PBXBuildFile; fileRef = C8986CE82C15C27D0091789F /* BaseRequest.swift */; };
		C8986CF12C15C27D0091789F /* BaseResponse.swift in Sources */ = {isa = PBXBuildFile; fileRef = C8986CE92C15C27D0091789F /* BaseResponse.swift */; };
		C8986CF22C15C27D0091789F /* EndPoints.swift in Sources */ = {isa = PBXBuildFile; fileRef = C8986CEA2C15C27D0091789F /* EndPoints.swift */; };
		C8986CF32C15C27D0091789F /* RequestBuilder.swift in Sources */ = {isa = PBXBuildFile; fileRef = C8986CEB2C15C27D0091789F /* RequestBuilder.swift */; };
		C8986CF42C15C27D0091789F /* Authintications.swift in Sources */ = {isa = PBXBuildFile; fileRef = C8986CED2C15C27D0091789F /* Authintications.swift */; };
		C8986D122C15C3A00091789F /* Exdates.swift in Sources */ = {isa = PBXBuildFile; fileRef = C8986CF62C15C3A00091789F /* Exdates.swift */; };
		C8986D132C15C3A00091789F /* ExIntegers.swift in Sources */ = {isa = PBXBuildFile; fileRef = C8986CF82C15C3A00091789F /* ExIntegers.swift */; };
		C8986D142C15C3A00091789F /* ExStrings.swift in Sources */ = {isa = PBXBuildFile; fileRef = C8986CFA2C15C3A00091789F /* ExStrings.swift */; };
		C8986D152C15C3A00091789F /* ExViews.swift in Sources */ = {isa = PBXBuildFile; fileRef = C8986CFC2C15C3A00091789F /* ExViews.swift */; };
		C8986D162C15C3A00091789F /* Language.swift in Sources */ = {isa = PBXBuildFile; fileRef = C8986CFF2C15C3A00091789F /* Language.swift */; };
		C8986D172C15C3A00091789F /* Localizable.strings in Resources */ = {isa = PBXBuildFile; fileRef = C8986D012C15C3A00091789F /* Localizable.strings */; };
		C8986D182C15C3A00091789F /* Localizable.strings in Resources */ = {isa = PBXBuildFile; fileRef = C8986D032C15C3A00091789F /* Localizable.strings */; };
		C8986D192C15C3A00091789F /* LocalizationService.swift in Sources */ = {isa = PBXBuildFile; fileRef = C8986D042C15C3A00091789F /* LocalizationService.swift */; };
		C8986D1A2C15C3A00091789F /* ColorConstants.swift in Sources */ = {isa = PBXBuildFile; fileRef = C8986D062C15C3A00091789F /* ColorConstants.swift */; };
		C8986D1B2C15C3A00091789F /* FontsExtension.swift in Sources */ = {isa = PBXBuildFile; fileRef = C8986D082C15C3A00091789F /* FontsExtension.swift */; };
		C8986D212C15C3A00091789F /* Helper.swift in Sources */ = {isa = PBXBuildFile; fileRef = C8986D102C15C3A00091789F /* Helper.swift */; };
/* End PBXBuildFile section */

/* Begin PBXFileReference section */
		173BBBE9262B99256111750E /* Pods-Hayak.debug.xcconfig */ = {isa = PBXFileReference; includeInIndex = 1; lastKnownFileType = text.xcconfig; name = "Pods-Hayak.debug.xcconfig"; path = "Target Support Files/Pods-Hayak/Pods-Hayak.debug.xcconfig"; sourceTree = "<group>"; };
		19091AED2C3489D5002B2EC6 /* OnBoardingScreen.swift */ = {isa = PBXFileReference; lastKnownFileType = sourcecode.swift; path = OnBoardingScreen.swift; sourceTree = "<group>"; };
		19091AEF2C348DFA002B2EC6 /* LamaSans-Bold.ttf */ = {isa = PBXFileReference; lastKnownFileType = file; path = "LamaSans-Bold.ttf"; sourceTree = "<group>"; };
		19091AF02C348DFB002B2EC6 /* LamaSans-Regular.ttf */ = {isa = PBXFileReference; lastKnownFileType = file; path = "LamaSans-Regular.ttf"; sourceTree = "<group>"; };
		19091AF12C348DFB002B2EC6 /* LamaSans-SemiBold.ttf */ = {isa = PBXFileReference; lastKnownFileType = file; path = "LamaSans-SemiBold.ttf"; sourceTree = "<group>"; };
		19091AF22C348DFB002B2EC6 /* LamaSans-Medium.ttf */ = {isa = PBXFileReference; lastKnownFileType = file; path = "LamaSans-Medium.ttf"; sourceTree = "<group>"; };
		19091AF32C348DFC002B2EC6 /* LamaSans-Light.ttf */ = {isa = PBXFileReference; lastKnownFileType = file; path = "LamaSans-Light.ttf"; sourceTree = "<group>"; };
		19091AF92C348E84002B2EC6 /* Info.plist */ = {isa = PBXFileReference; lastKnownFileType = text.plist; path = Info.plist; sourceTree = "<group>"; };
		194DA28C2C3DA47000AA3CB4 /* OtpScreen.swift */ = {isa = PBXFileReference; lastKnownFileType = sourcecode.swift; path = OtpScreen.swift; sourceTree = "<group>"; };
		195FEDB12C4EEDAC00E9EDC7 /* TabViewWithCenterBtn.swift */ = {isa = PBXFileReference; lastKnownFileType = sourcecode.swift; path = TabViewWithCenterBtn.swift; sourceTree = "<group>"; };
		195FEDBB2C4EF4F400E9EDC7 /* HomeView.swift */ = {isa = PBXFileReference; lastKnownFileType = sourcecode.swift; path = HomeView.swift; sourceTree = "<group>"; };
		195FEDBD2C4EF50800E9EDC7 /* PicUpView.swift */ = {isa = PBXFileReference; lastKnownFileType = sourcecode.swift; path = PicUpView.swift; sourceTree = "<group>"; };
		195FEDBF2C4EF51700E9EDC7 /* DiningView.swift */ = {isa = PBXFileReference; lastKnownFileType = sourcecode.swift; path = DiningView.swift; sourceTree = "<group>"; };
		195FEDC12C4EF52500E9EDC7 /* ProfileView.swift */ = {isa = PBXFileReference; lastKnownFileType = sourcecode.swift; path = ProfileView.swift; sourceTree = "<group>"; };
		199FE2D82C3EE6FA0071BF8E /* ResetNewPasswordScreen.swift */ = {isa = PBXFileReference; lastKnownFileType = sourcecode.swift; path = ResetNewPasswordScreen.swift; sourceTree = "<group>"; };
		199FE2DA2C3F15A70071BF8E /* ChangePasswordScreen.swift */ = {isa = PBXFileReference; lastKnownFileType = sourcecode.swift; path = ChangePasswordScreen.swift; sourceTree = "<group>"; };
		19E2E1662C3B3C6F006AF2E9 /* SignUpScreen.swift */ = {isa = PBXFileReference; lastKnownFileType = sourcecode.swift; path = SignUpScreen.swift; sourceTree = "<group>"; };
		19EF10442C35AE830010DF55 /* WellcomeLoginScreen.swift */ = {isa = PBXFileReference; lastKnownFileType = sourcecode.swift; path = WellcomeLoginScreen.swift; sourceTree = "<group>"; };
		19EF62492C39C0CC0021C589 /* SignInScreen.swift */ = {isa = PBXFileReference; lastKnownFileType = sourcecode.swift; path = SignInScreen.swift; sourceTree = "<group>"; };
		19F1AC9E2C3C689400499EF4 /* ForgetPasswordScreen.swift */ = {isa = PBXFileReference; lastKnownFileType = sourcecode.swift; path = ForgetPasswordScreen.swift; sourceTree = "<group>"; };
		19F60B1D2C45766600367453 /* SuccessScreen.swift */ = {isa = PBXFileReference; lastKnownFileType = sourcecode.swift; path = SuccessScreen.swift; sourceTree = "<group>"; };
		C8986CD22C15B9FE0091789F /* Hayak.app */ = {isa = PBXFileReference; explicitFileType = wrapper.application; includeInIndex = 0; path = Hayak.app; sourceTree = BUILT_PRODUCTS_DIR; };
		C8986CD52C15B9FE0091789F /* HayakApp.swift */ = {isa = PBXFileReference; lastKnownFileType = sourcecode.swift; path = HayakApp.swift; sourceTree = "<group>"; };
		C8986CD72C15B9FE0091789F /* ContentView.swift */ = {isa = PBXFileReference; lastKnownFileType = sourcecode.swift; path = ContentView.swift; sourceTree = "<group>"; };
		C8986CD92C15BA010091789F /* Assets.xcassets */ = {isa = PBXFileReference; lastKnownFileType = folder.assetcatalog; path = Assets.xcassets; sourceTree = "<group>"; };
		C8986CDC2C15BA010091789F /* Preview Assets.xcassets */ = {isa = PBXFileReference; lastKnownFileType = folder.assetcatalog; path = "Preview Assets.xcassets"; sourceTree = "<group>"; };
		C8986CE82C15C27D0091789F /* BaseRequest.swift */ = {isa = PBXFileReference; fileEncoding = 4; lastKnownFileType = sourcecode.swift; path = BaseRequest.swift; sourceTree = "<group>"; };
		C8986CE92C15C27D0091789F /* BaseResponse.swift */ = {isa = PBXFileReference; fileEncoding = 4; lastKnownFileType = sourcecode.swift; path = BaseResponse.swift; sourceTree = "<group>"; };
		C8986CEA2C15C27D0091789F /* EndPoints.swift */ = {isa = PBXFileReference; fileEncoding = 4; lastKnownFileType = sourcecode.swift; path = EndPoints.swift; sourceTree = "<group>"; };
		C8986CEB2C15C27D0091789F /* RequestBuilder.swift */ = {isa = PBXFileReference; fileEncoding = 4; lastKnownFileType = sourcecode.swift; path = RequestBuilder.swift; sourceTree = "<group>"; };
		C8986CED2C15C27D0091789F /* Authintications.swift */ = {isa = PBXFileReference; fileEncoding = 4; lastKnownFileType = sourcecode.swift; path = Authintications.swift; sourceTree = "<group>"; };
		C8986CF62C15C3A00091789F /* Exdates.swift */ = {isa = PBXFileReference; fileEncoding = 4; lastKnownFileType = sourcecode.swift; path = Exdates.swift; sourceTree = "<group>"; };
		C8986CF82C15C3A00091789F /* ExIntegers.swift */ = {isa = PBXFileReference; fileEncoding = 4; lastKnownFileType = sourcecode.swift; path = ExIntegers.swift; sourceTree = "<group>"; };
		C8986CFA2C15C3A00091789F /* ExStrings.swift */ = {isa = PBXFileReference; fileEncoding = 4; lastKnownFileType = sourcecode.swift; path = ExStrings.swift; sourceTree = "<group>"; };
		C8986CFC2C15C3A00091789F /* ExViews.swift */ = {isa = PBXFileReference; fileEncoding = 4; lastKnownFileType = sourcecode.swift; path = ExViews.swift; sourceTree = "<group>"; };
		C8986CFF2C15C3A00091789F /* Language.swift */ = {isa = PBXFileReference; fileEncoding = 4; lastKnownFileType = sourcecode.swift; path = Language.swift; sourceTree = "<group>"; };
		C8986D002C15C3A00091789F /* ar */ = {isa = PBXFileReference; lastKnownFileType = text.plist.strings; name = ar; path = ar.lproj/Localizable.strings; sourceTree = "<group>"; };
		C8986D022C15C3A00091789F /* en */ = {isa = PBXFileReference; lastKnownFileType = text.plist.strings; name = en; path = en.lproj/Localizable.strings; sourceTree = "<group>"; };
		C8986D042C15C3A00091789F /* LocalizationService.swift */ = {isa = PBXFileReference; fileEncoding = 4; lastKnownFileType = sourcecode.swift; path = LocalizationService.swift; sourceTree = "<group>"; };
		C8986D062C15C3A00091789F /* ColorConstants.swift */ = {isa = PBXFileReference; fileEncoding = 4; lastKnownFileType = sourcecode.swift; path = ColorConstants.swift; sourceTree = "<group>"; };
		C8986D082C15C3A00091789F /* FontsExtension.swift */ = {isa = PBXFileReference; fileEncoding = 4; lastKnownFileType = sourcecode.swift; path = FontsExtension.swift; sourceTree = "<group>"; };
		C8986D102C15C3A00091789F /* Helper.swift */ = {isa = PBXFileReference; fileEncoding = 4; lastKnownFileType = sourcecode.swift; path = Helper.swift; sourceTree = "<group>"; };
		CEF99719986644E790259E06 /* Pods-Hayak.release.xcconfig */ = {isa = PBXFileReference; includeInIndex = 1; lastKnownFileType = text.xcconfig; name = "Pods-Hayak.release.xcconfig"; path = "Target Support Files/Pods-Hayak/Pods-Hayak.release.xcconfig"; sourceTree = "<group>"; };
		EFA111EA2737130E40EB7435 /* Pods_Hayak.framework */ = {isa = PBXFileReference; explicitFileType = wrapper.framework; includeInIndex = 0; path = Pods_Hayak.framework; sourceTree = BUILT_PRODUCTS_DIR; };
/* End PBXFileReference section */

/* Begin PBXFrameworksBuildPhase section */
		C8986CCF2C15B9FE0091789F /* Frameworks */ = {
			isa = PBXFrameworksBuildPhase;
			buildActionMask = 2147483647;
			files = (
				607C994D261D5597E259E23B /* Pods_Hayak.framework in Frameworks */,
			);
			runOnlyForDeploymentPostprocessing = 0;
		};
/* End PBXFrameworksBuildPhase section */

/* Begin PBXGroup section */
		19091AEC2C3480EB002B2EC6 /* OnBoarding */ = {
			isa = PBXGroup;
			children = (
				19091AED2C3489D5002B2EC6 /* OnBoardingScreen.swift */,
				19EF10442C35AE830010DF55 /* WellcomeLoginScreen.swift */,
			);
			path = OnBoarding;
			sourceTree = "<group>";
		};
		195FEDB02C4EED8C00E9EDC7 /* View */ = {
			isa = PBXGroup;
			children = (
				195FEDB12C4EEDAC00E9EDC7 /* TabViewWithCenterBtn.swift */,
			);
			path = View;
			sourceTree = "<group>";
		};
		195FEDB32C4EF47200E9EDC7 /* Home */ = {
			isa = PBXGroup;
			children = (
				195FEDB62C4EF4C400E9EDC7 /* View */,
			);
			path = Home;
			sourceTree = "<group>";
		};
		195FEDB42C4EF47900E9EDC7 /* Pic Up */ = {
			isa = PBXGroup;
			children = (
				195FEDB72C4EF4CB00E9EDC7 /* View */,
			);
			path = "Pic Up";
			sourceTree = "<group>";
		};
		195FEDB52C4EF48100E9EDC7 /* Dining */ = {
			isa = PBXGroup;
			children = (
				195FEDB82C4EF4D200E9EDC7 /* View */,
			);
			path = Dining;
			sourceTree = "<group>";
		};
		195FEDB62C4EF4C400E9EDC7 /* View */ = {
			isa = PBXGroup;
			children = (
				195FEDBB2C4EF4F400E9EDC7 /* HomeView.swift */,
			);
			path = View;
			sourceTree = "<group>";
		};
		195FEDB72C4EF4CB00E9EDC7 /* View */ = {
			isa = PBXGroup;
			children = (
				195FEDBD2C4EF50800E9EDC7 /* PicUpView.swift */,
			);
			path = View;
			sourceTree = "<group>";
		};
		195FEDB82C4EF4D200E9EDC7 /* View */ = {
			isa = PBXGroup;
			children = (
				195FEDBF2C4EF51700E9EDC7 /* DiningView.swift */,
			);
			path = View;
			sourceTree = "<group>";
		};
		195FEDB92C4EF4D800E9EDC7 /* View */ = {
			isa = PBXGroup;
			children = (
				195FEDC12C4EF52500E9EDC7 /* ProfileView.swift */,
			);
			path = View;
			sourceTree = "<group>";
		};
		196414572C457F44008370CE /* Profile */ = {
			isa = PBXGroup;
			children = (
				195FEDB92C4EF4D800E9EDC7 /* View */,
			);
			path = Profile;
			sourceTree = "<group>";
		};
		196414582C457F53008370CE /* TabBare */ = {
			isa = PBXGroup;
			children = (
				195FEDB02C4EED8C00E9EDC7 /* View */,
			);
			path = TabBare;
			sourceTree = "<group>";
		};
		19EF62482C39C0B30021C589 /* Authentication */ = {
			isa = PBXGroup;
			children = (
				19EF62492C39C0CC0021C589 /* SignInScreen.swift */,
				19E2E1662C3B3C6F006AF2E9 /* SignUpScreen.swift */,
				19F1AC9E2C3C689400499EF4 /* ForgetPasswordScreen.swift */,
				194DA28C2C3DA47000AA3CB4 /* OtpScreen.swift */,
				199FE2D82C3EE6FA0071BF8E /* ResetNewPasswordScreen.swift */,
				199FE2DA2C3F15A70071BF8E /* ChangePasswordScreen.swift */,
				19F60B1D2C45766600367453 /* SuccessScreen.swift */,
			);
			path = Authentication;
			sourceTree = "<group>";
		};
		9A4E21CBB39BCF52BF40C1B2 /* Pods */ = {
			isa = PBXGroup;
			children = (
				173BBBE9262B99256111750E /* Pods-Hayak.debug.xcconfig */,
				CEF99719986644E790259E06 /* Pods-Hayak.release.xcconfig */,
			);
			path = Pods;
			sourceTree = "<group>";
		};
		C8986CC92C15B9FE0091789F = {
			isa = PBXGroup;
			children = (
				C8986CD42C15B9FE0091789F /* Hayak */,
				C8986CD32C15B9FE0091789F /* Products */,
				9A4E21CBB39BCF52BF40C1B2 /* Pods */,
				D7C1FE29B1773C7CAAFDB47C /* Frameworks */,
			);
			sourceTree = "<group>";
		};
		C8986CD32C15B9FE0091789F /* Products */ = {
			isa = PBXGroup;
			children = (
				C8986CD22C15B9FE0091789F /* Hayak.app */,
			);
			name = Products;
			sourceTree = "<group>";
		};
		C8986CD42C15B9FE0091789F /* Hayak */ = {
			isa = PBXGroup;
			children = (
				19091AF92C348E84002B2EC6 /* Info.plist */,
				C8986CE32C15BFF50091789F /* AppMain */,
				C8986CE42C15C0020091789F /* AppModules */,
				C8986CDB2C15BA010091789F /* Preview Content */,
			);
			path = Hayak;
			sourceTree = "<group>";
		};
		C8986CDB2C15BA010091789F /* Preview Content */ = {
			isa = PBXGroup;
			children = (
				C8986CDC2C15BA010091789F /* Preview Assets.xcassets */,
			);
			path = "Preview Content";
			sourceTree = "<group>";
		};
		C8986CE32C15BFF50091789F /* AppMain */ = {
			isa = PBXGroup;
			children = (
				C8986CD52C15B9FE0091789F /* HayakApp.swift */,
				C8986CD72C15B9FE0091789F /* ContentView.swift */,
				C8986CD92C15BA010091789F /* Assets.xcassets */,
			);
			path = AppMain;
			sourceTree = "<group>";
		};
		C8986CE42C15C0020091789F /* AppModules */ = {
			isa = PBXGroup;
			children = (
				C8986D112C15C3A00091789F /* Support */,
				C8986CEF2C15C27D0091789F /* Network */,
				C8986D222C15C3A50091789F /* AppViews */,
			);
			path = AppModules;
			sourceTree = "<group>";
		};
		C8986CEC2C15C27D0091789F /* Core */ = {
			isa = PBXGroup;
			children = (
				C8986CE82C15C27D0091789F /* BaseRequest.swift */,
				C8986CE92C15C27D0091789F /* BaseResponse.swift */,
				C8986CEA2C15C27D0091789F /* EndPoints.swift */,
				C8986CEB2C15C27D0091789F /* RequestBuilder.swift */,
			);
			path = Core;
			sourceTree = "<group>";
		};
		C8986CEE2C15C27D0091789F /* HayakService */ = {
			isa = PBXGroup;
			children = (
				C8986CED2C15C27D0091789F /* Authintications.swift */,
			);
			path = HayakService;
			sourceTree = "<group>";
		};
		C8986CEF2C15C27D0091789F /* Network */ = {
			isa = PBXGroup;
			children = (
				C8986CEC2C15C27D0091789F /* Core */,
				C8986CEE2C15C27D0091789F /* HayakService */,
			);
			path = Network;
			sourceTree = "<group>";
		};
		C8986CF72C15C3A00091789F /* dates */ = {
			isa = PBXGroup;
			children = (
				C8986CF62C15C3A00091789F /* Exdates.swift */,
			);
			path = dates;
			sourceTree = "<group>";
		};
		C8986CF92C15C3A00091789F /* integers */ = {
			isa = PBXGroup;
			children = (
				C8986CF82C15C3A00091789F /* ExIntegers.swift */,
			);
			path = integers;
			sourceTree = "<group>";
		};
		C8986CFB2C15C3A00091789F /* Strings */ = {
			isa = PBXGroup;
			children = (
				C8986CFA2C15C3A00091789F /* ExStrings.swift */,
			);
			path = Strings;
			sourceTree = "<group>";
		};
		C8986CFD2C15C3A00091789F /* Views */ = {
			isa = PBXGroup;
			children = (
				C8986CFC2C15C3A00091789F /* ExViews.swift */,
			);
			path = Views;
			sourceTree = "<group>";
		};
		C8986CFE2C15C3A00091789F /* Extensions */ = {
			isa = PBXGroup;
			children = (
				C8986CF72C15C3A00091789F /* dates */,
				C8986CF92C15C3A00091789F /* integers */,
				C8986CFB2C15C3A00091789F /* Strings */,
				C8986CFD2C15C3A00091789F /* Views */,
			);
			path = Extensions;
			sourceTree = "<group>";
		};
		C8986D052C15C3A00091789F /* Localization */ = {
			isa = PBXGroup;
			children = (
				C8986CFF2C15C3A00091789F /* Language.swift */,
				C8986D012C15C3A00091789F /* Localizable.strings */,
				C8986D032C15C3A00091789F /* Localizable.strings */,
				C8986D042C15C3A00091789F /* LocalizationService.swift */,
			);
			path = Localization;
			sourceTree = "<group>";
		};
		C8986D072C15C3A00091789F /* ColorConstants */ = {
			isa = PBXGroup;
			children = (
				C8986D062C15C3A00091789F /* ColorConstants.swift */,
			);
			path = ColorConstants;
			sourceTree = "<group>";
		};
		C8986D0E2C15C3A00091789F /* Fonts */ = {
			isa = PBXGroup;
			children = (
				19091AEF2C348DFA002B2EC6 /* LamaSans-Bold.ttf */,
				19091AF32C348DFC002B2EC6 /* LamaSans-Light.ttf */,
				19091AF22C348DFB002B2EC6 /* LamaSans-Medium.ttf */,
				19091AF02C348DFB002B2EC6 /* LamaSans-Regular.ttf */,
				19091AF12C348DFB002B2EC6 /* LamaSans-SemiBold.ttf */,
				C8986D082C15C3A00091789F /* FontsExtension.swift */,
			);
			path = Fonts;
			sourceTree = "<group>";
		};
		C8986D0F2C15C3A00091789F /* Resources */ = {
			isa = PBXGroup;
			children = (
				C8986D072C15C3A00091789F /* ColorConstants */,
				C8986D0E2C15C3A00091789F /* Fonts */,
			);
			path = Resources;
			sourceTree = "<group>";
		};
		C8986D112C15C3A00091789F /* Support */ = {
			isa = PBXGroup;
			children = (
				C8986CFE2C15C3A00091789F /* Extensions */,
				C8986D052C15C3A00091789F /* Localization */,
				C8986D0F2C15C3A00091789F /* Resources */,
				C8986D102C15C3A00091789F /* Helper.swift */,
			);
			path = Support;
			sourceTree = "<group>";
		};
		C8986D222C15C3A50091789F /* AppViews */ = {
			isa = PBXGroup;
			children = (
				196414582C457F53008370CE /* TabBare */,
				195FEDB32C4EF47200E9EDC7 /* Home */,
				195FEDB42C4EF47900E9EDC7 /* Pic Up */,
				195FEDB52C4EF48100E9EDC7 /* Dining */,
				196414572C457F44008370CE /* Profile */,
				19EF62482C39C0B30021C589 /* Authentication */,
				19091AEC2C3480EB002B2EC6 /* OnBoarding */,
			);
			path = AppViews;
			sourceTree = "<group>";
		};
		D7C1FE29B1773C7CAAFDB47C /* Frameworks */ = {
			isa = PBXGroup;
			children = (
				EFA111EA2737130E40EB7435 /* Pods_Hayak.framework */,
			);
			name = Frameworks;
			sourceTree = "<group>";
		};
/* End PBXGroup section */

/* Begin PBXNativeTarget section */
		C8986CD12C15B9FE0091789F /* Hayak */ = {
			isa = PBXNativeTarget;
			buildConfigurationList = C8986CE02C15BA010091789F /* Build configuration list for PBXNativeTarget "Hayak" */;
			buildPhases = (
				0CC9D1D05E95260A457DB0A2 /* [CP] Check Pods Manifest.lock */,
				C8986CCE2C15B9FE0091789F /* Sources */,
				C8986CCF2C15B9FE0091789F /* Frameworks */,
				C8986CD02C15B9FE0091789F /* Resources */,
				E99EE9A089FBA042595698C2 /* [CP] Embed Pods Frameworks */,
			);
			buildRules = (
			);
			dependencies = (
			);
			name = Hayak;
			productName = Hayak;
			productReference = C8986CD22C15B9FE0091789F /* Hayak.app */;
			productType = "com.apple.product-type.application";
		};
/* End PBXNativeTarget section */

/* Begin PBXProject section */
		C8986CCA2C15B9FE0091789F /* Project object */ = {
			isa = PBXProject;
			attributes = {
				BuildIndependentTargetsInParallel = 1;
				LastSwiftUpdateCheck = 1530;
				LastUpgradeCheck = 1530;
				TargetAttributes = {
					C8986CD12C15B9FE0091789F = {
						CreatedOnToolsVersion = 15.3;
					};
				};
			};
			buildConfigurationList = C8986CCD2C15B9FE0091789F /* Build configuration list for PBXProject "Hayak" */;
			compatibilityVersion = "Xcode 14.0";
			developmentRegion = en;
			hasScannedForEncodings = 0;
			knownRegions = (
				en,
				Base,
				ar,
			);
			mainGroup = C8986CC92C15B9FE0091789F;
			productRefGroup = C8986CD32C15B9FE0091789F /* Products */;
			projectDirPath = "";
			projectRoot = "";
			targets = (
				C8986CD12C15B9FE0091789F /* Hayak */,
			);
		};
/* End PBXProject section */

/* Begin PBXResourcesBuildPhase section */
		C8986CD02C15B9FE0091789F /* Resources */ = {
			isa = PBXResourcesBuildPhase;
			buildActionMask = 2147483647;
			files = (
				19091AF62C348DFC002B2EC6 /* LamaSans-SemiBold.ttf in Resources */,
				C8986CDD2C15BA010091789F /* Preview Assets.xcassets in Resources */,
				19091AF52C348DFC002B2EC6 /* LamaSans-Regular.ttf in Resources */,
				C8986D182C15C3A00091789F /* Localizable.strings in Resources */,
				19091AF82C348DFC002B2EC6 /* LamaSans-Light.ttf in Resources */,
				C8986D172C15C3A00091789F /* Localizable.strings in Resources */,
				19091AF72C348DFC002B2EC6 /* LamaSans-Medium.ttf in Resources */,
				19091AF42C348DFC002B2EC6 /* LamaSans-Bold.ttf in Resources */,
				C8986CDA2C15BA010091789F /* Assets.xcassets in Resources */,
			);
			runOnlyForDeploymentPostprocessing = 0;
		};
/* End PBXResourcesBuildPhase section */

/* Begin PBXShellScriptBuildPhase section */
		0CC9D1D05E95260A457DB0A2 /* [CP] Check Pods Manifest.lock */ = {
			isa = PBXShellScriptBuildPhase;
			buildActionMask = 2147483647;
			files = (
			);
			inputFileListPaths = (
			);
			inputPaths = (
				"${PODS_PODFILE_DIR_PATH}/Podfile.lock",
				"${PODS_ROOT}/Manifest.lock",
			);
			name = "[CP] Check Pods Manifest.lock";
			outputFileListPaths = (
			);
			outputPaths = (
				"$(DERIVED_FILE_DIR)/Pods-Hayak-checkManifestLockResult.txt",
			);
			runOnlyForDeploymentPostprocessing = 0;
			shellPath = /bin/sh;
			shellScript = "diff \"${PODS_PODFILE_DIR_PATH}/Podfile.lock\" \"${PODS_ROOT}/Manifest.lock\" > /dev/null\nif [ $? != 0 ] ; then\n    # print error to STDERR\n    echo \"error: The sandbox is not in sync with the Podfile.lock. Run 'pod install' or update your CocoaPods installation.\" >&2\n    exit 1\nfi\n# This output is used by Xcode 'outputs' to avoid re-running this script phase.\necho \"SUCCESS\" > \"${SCRIPT_OUTPUT_FILE_0}\"\n";
			showEnvVarsInLog = 0;
		};
		E99EE9A089FBA042595698C2 /* [CP] Embed Pods Frameworks */ = {
			isa = PBXShellScriptBuildPhase;
			buildActionMask = 2147483647;
			files = (
			);
			inputFileListPaths = (
				"${PODS_ROOT}/Target Support Files/Pods-Hayak/Pods-Hayak-frameworks-${CONFIGURATION}-input-files.xcfilelist",
			);
			name = "[CP] Embed Pods Frameworks";
			outputFileListPaths = (
				"${PODS_ROOT}/Target Support Files/Pods-Hayak/Pods-Hayak-frameworks-${CONFIGURATION}-output-files.xcfilelist",
			);
			runOnlyForDeploymentPostprocessing = 0;
			shellPath = /bin/sh;
			shellScript = "\"${PODS_ROOT}/Target Support Files/Pods-Hayak/Pods-Hayak-frameworks.sh\"\n";
			showEnvVarsInLog = 0;
		};
/* End PBXShellScriptBuildPhase section */

/* Begin PBXSourcesBuildPhase section */
		C8986CCE2C15B9FE0091789F /* Sources */ = {
			isa = PBXSourcesBuildPhase;
			buildActionMask = 2147483647;
			files = (
				195FEDBC2C4EF4F400E9EDC7 /* HomeView.swift in Sources */,
				C8986CD82C15B9FE0091789F /* ContentView.swift in Sources */,
				19EF10452C35AE830010DF55 /* WellcomeLoginScreen.swift in Sources */,
				C8986CF22C15C27D0091789F /* EndPoints.swift in Sources */,
				C8986CD62C15B9FE0091789F /* HayakApp.swift in Sources */,
				195FEDC02C4EF51700E9EDC7 /* DiningView.swift in Sources */,
				C8986D1B2C15C3A00091789F /* FontsExtension.swift in Sources */,
				C8986CF32C15C27D0091789F /* RequestBuilder.swift in Sources */,
				C8986CF02C15C27D0091789F /* BaseRequest.swift in Sources */,
				19EF624A2C39C0CC0021C589 /* SignInScreen.swift in Sources */,
				C8986CF12C15C27D0091789F /* BaseResponse.swift in Sources */,
				C8986D212C15C3A00091789F /* Helper.swift in Sources */,
				19F60B1E2C45766600367453 /* SuccessScreen.swift in Sources */,
				C8986D152C15C3A00091789F /* ExViews.swift in Sources */,
				19F1AC9F2C3C689400499EF4 /* ForgetPasswordScreen.swift in Sources */,
				C8986D122C15C3A00091789F /* Exdates.swift in Sources */,
				19091AEE2C3489D5002B2EC6 /* OnBoardingScreen.swift in Sources */,
				199FE2DB2C3F15A70071BF8E /* ChangePasswordScreen.swift in Sources */,
				195FEDB22C4EEDAC00E9EDC7 /* TabViewWithCenterBtn.swift in Sources */,
				C8986CF42C15C27D0091789F /* Authintications.swift in Sources */,
				C8986D1A2C15C3A00091789F /* ColorConstants.swift in Sources */,
				19E2E1672C3B3C6F006AF2E9 /* SignUpScreen.swift in Sources */,
				195FEDC22C4EF52600E9EDC7 /* ProfileView.swift in Sources */,
				C8986D192C15C3A00091789F /* LocalizationService.swift in Sources */,
				195FEDBE2C4EF50800E9EDC7 /* PicUpView.swift in Sources */,
				C8986D162C15C3A00091789F /* Language.swift in Sources */,
				194DA28D2C3DA47000AA3CB4 /* OtpScreen.swift in Sources */,
				C8986D132C15C3A00091789F /* ExIntegers.swift in Sources */,
				C8986D142C15C3A00091789F /* ExStrings.swift in Sources */,
				199FE2D92C3EE6FA0071BF8E /* ResetNewPasswordScreen.swift in Sources */,
			);
			runOnlyForDeploymentPostprocessing = 0;
		};
/* End PBXSourcesBuildPhase section */

/* Begin PBXVariantGroup section */
		C8986D012C15C3A00091789F /* Localizable.strings */ = {
			isa = PBXVariantGroup;
			children = (
				C8986D002C15C3A00091789F /* ar */,
			);
			name = Localizable.strings;
			sourceTree = "<group>";
		};
		C8986D032C15C3A00091789F /* Localizable.strings */ = {
			isa = PBXVariantGroup;
			children = (
				C8986D022C15C3A00091789F /* en */,
			);
			name = Localizable.strings;
			sourceTree = "<group>";
		};
/* End PBXVariantGroup section */

/* Begin XCBuildConfiguration section */
		C8986CDE2C15BA010091789F /* Debug */ = {
			isa = XCBuildConfiguration;
			buildSettings = {
				ALWAYS_SEARCH_USER_PATHS = NO;
				ASSETCATALOG_COMPILER_GENERATE_SWIFT_ASSET_SYMBOL_EXTENSIONS = YES;
				CLANG_ANALYZER_NONNULL = YES;
				CLANG_ANALYZER_NUMBER_OBJECT_CONVERSION = YES_AGGRESSIVE;
				CLANG_CXX_LANGUAGE_STANDARD = "gnu++20";
				CLANG_ENABLE_MODULES = YES;
				CLANG_ENABLE_OBJC_ARC = YES;
				CLANG_ENABLE_OBJC_WEAK = YES;
				CLANG_WARN_BLOCK_CAPTURE_AUTORELEASING = YES;
				CLANG_WARN_BOOL_CONVERSION = YES;
				CLANG_WARN_COMMA = YES;
				CLANG_WARN_CONSTANT_CONVERSION = YES;
				CLANG_WARN_DEPRECATED_OBJC_IMPLEMENTATIONS = YES;
				CLANG_WARN_DIRECT_OBJC_ISA_USAGE = YES_ERROR;
				CLANG_WARN_DOCUMENTATION_COMMENTS = YES;
				CLANG_WARN_EMPTY_BODY = YES;
				CLANG_WARN_ENUM_CONVERSION = YES;
				CLANG_WARN_INFINITE_RECURSION = YES;
				CLANG_WARN_INT_CONVERSION = YES;
				CLANG_WARN_NON_LITERAL_NULL_CONVERSION = YES;
				CLANG_WARN_OBJC_IMPLICIT_RETAIN_SELF = YES;
				CLANG_WARN_OBJC_LITERAL_CONVERSION = YES;
				CLANG_WARN_OBJC_ROOT_CLASS = YES_ERROR;
				CLANG_WARN_QUOTED_INCLUDE_IN_FRAMEWORK_HEADER = YES;
				CLANG_WARN_RANGE_LOOP_ANALYSIS = YES;
				CLANG_WARN_STRICT_PROTOTYPES = YES;
				CLANG_WARN_SUSPICIOUS_MOVE = YES;
				CLANG_WARN_UNGUARDED_AVAILABILITY = YES_AGGRESSIVE;
				CLANG_WARN_UNREACHABLE_CODE = YES;
				CLANG_WARN__DUPLICATE_METHOD_MATCH = YES;
				COPY_PHASE_STRIP = NO;
				DEBUG_INFORMATION_FORMAT = dwarf;
				ENABLE_STRICT_OBJC_MSGSEND = YES;
				ENABLE_TESTABILITY = YES;
				ENABLE_USER_SCRIPT_SANDBOXING = NO;
				GCC_C_LANGUAGE_STANDARD = gnu17;
				GCC_DYNAMIC_NO_PIC = NO;
				GCC_NO_COMMON_BLOCKS = YES;
				GCC_OPTIMIZATION_LEVEL = 0;
				GCC_PREPROCESSOR_DEFINITIONS = (
					"DEBUG=1",
					"$(inherited)",
				);
				GCC_WARN_64_TO_32_BIT_CONVERSION = YES;
				GCC_WARN_ABOUT_RETURN_TYPE = YES_ERROR;
				GCC_WARN_UNDECLARED_SELECTOR = YES;
				GCC_WARN_UNINITIALIZED_AUTOS = YES_AGGRESSIVE;
				GCC_WARN_UNUSED_FUNCTION = YES;
				GCC_WARN_UNUSED_VARIABLE = YES;
				IPHONEOS_DEPLOYMENT_TARGET = 17.0;
				LOCALIZATION_PREFERS_STRING_CATALOGS = YES;
				MTL_ENABLE_DEBUG_INFO = INCLUDE_SOURCE;
				MTL_FAST_MATH = YES;
				ONLY_ACTIVE_ARCH = YES;
				SDKROOT = iphoneos;
				SWIFT_ACTIVE_COMPILATION_CONDITIONS = "DEBUG $(inherited)";
				SWIFT_OPTIMIZATION_LEVEL = "-Onone";
			};
			name = Debug;
		};
		C8986CDF2C15BA010091789F /* Release */ = {
			isa = XCBuildConfiguration;
			buildSettings = {
				ALWAYS_SEARCH_USER_PATHS = NO;
				ASSETCATALOG_COMPILER_GENERATE_SWIFT_ASSET_SYMBOL_EXTENSIONS = YES;
				CLANG_ANALYZER_NONNULL = YES;
				CLANG_ANALYZER_NUMBER_OBJECT_CONVERSION = YES_AGGRESSIVE;
				CLANG_CXX_LANGUAGE_STANDARD = "gnu++20";
				CLANG_ENABLE_MODULES = YES;
				CLANG_ENABLE_OBJC_ARC = YES;
				CLANG_ENABLE_OBJC_WEAK = YES;
				CLANG_WARN_BLOCK_CAPTURE_AUTORELEASING = YES;
				CLANG_WARN_BOOL_CONVERSION = YES;
				CLANG_WARN_COMMA = YES;
				CLANG_WARN_CONSTANT_CONVERSION = YES;
				CLANG_WARN_DEPRECATED_OBJC_IMPLEMENTATIONS = YES;
				CLANG_WARN_DIRECT_OBJC_ISA_USAGE = YES_ERROR;
				CLANG_WARN_DOCUMENTATION_COMMENTS = YES;
				CLANG_WARN_EMPTY_BODY = YES;
				CLANG_WARN_ENUM_CONVERSION = YES;
				CLANG_WARN_INFINITE_RECURSION = YES;
				CLANG_WARN_INT_CONVERSION = YES;
				CLANG_WARN_NON_LITERAL_NULL_CONVERSION = YES;
				CLANG_WARN_OBJC_IMPLICIT_RETAIN_SELF = YES;
				CLANG_WARN_OBJC_LITERAL_CONVERSION = YES;
				CLANG_WARN_OBJC_ROOT_CLASS = YES_ERROR;
				CLANG_WARN_QUOTED_INCLUDE_IN_FRAMEWORK_HEADER = YES;
				CLANG_WARN_RANGE_LOOP_ANALYSIS = YES;
				CLANG_WARN_STRICT_PROTOTYPES = YES;
				CLANG_WARN_SUSPICIOUS_MOVE = YES;
				CLANG_WARN_UNGUARDED_AVAILABILITY = YES_AGGRESSIVE;
				CLANG_WARN_UNREACHABLE_CODE = YES;
				CLANG_WARN__DUPLICATE_METHOD_MATCH = YES;
				COPY_PHASE_STRIP = NO;
				DEBUG_INFORMATION_FORMAT = "dwarf-with-dsym";
				ENABLE_NS_ASSERTIONS = NO;
				ENABLE_STRICT_OBJC_MSGSEND = YES;
				ENABLE_USER_SCRIPT_SANDBOXING = NO;
				GCC_C_LANGUAGE_STANDARD = gnu17;
				GCC_NO_COMMON_BLOCKS = YES;
				GCC_WARN_64_TO_32_BIT_CONVERSION = YES;
				GCC_WARN_ABOUT_RETURN_TYPE = YES_ERROR;
				GCC_WARN_UNDECLARED_SELECTOR = YES;
				GCC_WARN_UNINITIALIZED_AUTOS = YES_AGGRESSIVE;
				GCC_WARN_UNUSED_FUNCTION = YES;
				GCC_WARN_UNUSED_VARIABLE = YES;
				IPHONEOS_DEPLOYMENT_TARGET = 17.0;
				LOCALIZATION_PREFERS_STRING_CATALOGS = YES;
				MTL_ENABLE_DEBUG_INFO = NO;
				MTL_FAST_MATH = YES;
				SDKROOT = iphoneos;
				SWIFT_COMPILATION_MODE = wholemodule;
				VALIDATE_PRODUCT = YES;
			};
			name = Release;
		};
		C8986CE12C15BA010091789F /* Debug */ = {
			isa = XCBuildConfiguration;
			baseConfigurationReference = 173BBBE9262B99256111750E /* Pods-Hayak.debug.xcconfig */;
			buildSettings = {
				ASSETCATALOG_COMPILER_APPICON_NAME = AppIcon;
				ASSETCATALOG_COMPILER_GLOBAL_ACCENT_COLOR_NAME = AccentColor;
				CODE_SIGN_STYLE = Automatic;
				CURRENT_PROJECT_VERSION = 1;
				DEVELOPMENT_ASSET_PATHS = "\"Hayak/Preview Content\"";
				DEVELOPMENT_TEAM = 23H4SBD5QL;
				ENABLE_PREVIEWS = YES;
				GENERATE_INFOPLIST_FILE = YES;
				INFOPLIST_FILE = Hayak/Info.plist;
				INFOPLIST_KEY_UIApplicationSceneManifest_Generation = YES;
				INFOPLIST_KEY_UIApplicationSupportsIndirectInputEvents = YES;
				INFOPLIST_KEY_UILaunchScreen_Generation = YES;
				INFOPLIST_KEY_UISupportedInterfaceOrientations_iPad = "UIInterfaceOrientationPortrait UIInterfaceOrientationPortraitUpsideDown UIInterfaceOrientationLandscapeLeft UIInterfaceOrientationLandscapeRight";
				INFOPLIST_KEY_UISupportedInterfaceOrientations_iPhone = "UIInterfaceOrientationPortrait UIInterfaceOrientationLandscapeLeft UIInterfaceOrientationLandscapeRight";
				IPHONEOS_DEPLOYMENT_TARGET = 15.0;
				LD_RUNPATH_SEARCH_PATHS = (
					"$(inherited)",
					"@executable_path/Frameworks",
				);
				MARKETING_VERSION = 1.0;
				PRODUCT_BUNDLE_IDENTIFIER = wecancityagency.Hayak;
				PRODUCT_NAME = "$(TARGET_NAME)";
				SUPPORTED_PLATFORMS = "iphoneos iphonesimulator";
				SUPPORTS_MACCATALYST = NO;
				SUPPORTS_MAC_DESIGNED_FOR_IPHONE_IPAD = NO;
				SUPPORTS_XR_DESIGNED_FOR_IPHONE_IPAD = NO;
				SWIFT_EMIT_LOC_STRINGS = YES;
				SWIFT_VERSION = 5.0;
				TARGETED_DEVICE_FAMILY = "1,2";
			};
			name = Debug;
		};
		C8986CE22C15BA010091789F /* Release */ = {
			isa = XCBuildConfiguration;
			baseConfigurationReference = CEF99719986644E790259E06 /* Pods-Hayak.release.xcconfig */;
			buildSettings = {
				ASSETCATALOG_COMPILER_APPICON_NAME = AppIcon;
				ASSETCATALOG_COMPILER_GLOBAL_ACCENT_COLOR_NAME = AccentColor;
				CODE_SIGN_STYLE = Automatic;
				CURRENT_PROJECT_VERSION = 1;
				DEVELOPMENT_ASSET_PATHS = "\"Hayak/Preview Content\"";
				DEVELOPMENT_TEAM = 23H4SBD5QL;
				ENABLE_PREVIEWS = YES;
				GENERATE_INFOPLIST_FILE = YES;
				INFOPLIST_FILE = Hayak/Info.plist;
				INFOPLIST_KEY_UIApplicationSceneManifest_Generation = YES;
				INFOPLIST_KEY_UIApplicationSupportsIndirectInputEvents = YES;
				INFOPLIST_KEY_UILaunchScreen_Generation = YES;
				INFOPLIST_KEY_UISupportedInterfaceOrientations_iPad = "UIInterfaceOrientationPortrait UIInterfaceOrientationPortraitUpsideDown UIInterfaceOrientationLandscapeLeft UIInterfaceOrientationLandscapeRight";
				INFOPLIST_KEY_UISupportedInterfaceOrientations_iPhone = "UIInterfaceOrientationPortrait UIInterfaceOrientationLandscapeLeft UIInterfaceOrientationLandscapeRight";
				IPHONEOS_DEPLOYMENT_TARGET = 15.0;
				LD_RUNPATH_SEARCH_PATHS = (
					"$(inherited)",
					"@executable_path/Frameworks",
				);
				MARKETING_VERSION = 1.0;
				PRODUCT_BUNDLE_IDENTIFIER = wecancityagency.Hayak;
				PRODUCT_NAME = "$(TARGET_NAME)";
				SUPPORTED_PLATFORMS = "iphoneos iphonesimulator";
				SUPPORTS_MACCATALYST = NO;
				SUPPORTS_MAC_DESIGNED_FOR_IPHONE_IPAD = NO;
				SUPPORTS_XR_DESIGNED_FOR_IPHONE_IPAD = NO;
				SWIFT_EMIT_LOC_STRINGS = YES;
				SWIFT_VERSION = 5.0;
				TARGETED_DEVICE_FAMILY = "1,2";
			};
			name = Release;
		};
/* End XCBuildConfiguration section */

/* Begin XCConfigurationList section */
		C8986CCD2C15B9FE0091789F /* Build configuration list for PBXProject "Hayak" */ = {
			isa = XCConfigurationList;
			buildConfigurations = (
				C8986CDE2C15BA010091789F /* Debug */,
				C8986CDF2C15BA010091789F /* Release */,
			);
			defaultConfigurationIsVisible = 0;
			defaultConfigurationName = Release;
		};
		C8986CE02C15BA010091789F /* Build configuration list for PBXNativeTarget "Hayak" */ = {
			isa = XCConfigurationList;
			buildConfigurations = (
				C8986CE12C15BA010091789F /* Debug */,
				C8986CE22C15BA010091789F /* Release */,
			);
			defaultConfigurationIsVisible = 0;
			defaultConfigurationName = Release;
		};
/* End XCConfigurationList section */
	};
	rootObject = C8986CCA2C15B9FE0091789F /* Project object */;
}
